
Microsoft Visual Studio Solution File, Format Version 12.00
# Visual Studio Version 17
VisualStudioVersion = 17.3.32901.215
MinimumVisualStudioVersion = 10.0.40219.1
Project("{FAE04EC0-301F-11D3-BF4B-00C04F79EFBC}") = "MathTaskClassLibrary", "MathTaskClassLibrary\MathTaskClassLibrary.csproj", "{72AAD8FE-6708-49BF-A189-1C213494D556}"
EndProject
Project("{FAE04EC0-301F-11D3-BF4B-00C04F79EFBC}") = "MathTaskClassLibraryTests", "MathTaskClassLibraryTests\MathTaskClassLibraryTests.csproj", "{F40396A1-E04A-47DE-9A55-28ACF9D496A1}"
EndProject
Global
	GlobalSection(SolutionConfigurationPlatforms) = preSolution
		Debug|Any CPU = Debug|Any CPU
		Release|Any CPU = Release|Any CPU
	EndGlobalSection
	GlobalSection(ProjectConfigurationPlatforms) = postSolution
		{72AAD8FE-6708-49BF-A189-1C213494D556}.Debug|Any CPU.ActiveCfg = Debug|Any CPU
		{72AAD8FE-6708-49BF-A189-1C213494D556}.Debug|Any CPU.Build.0 = Debug|Any CPU
		{72AAD8FE-6708-49BF-A189-1C213494D556}.Release|Any CPU.ActiveCfg = Release|Any CPU
		{72AAD8FE-6708-49BF-A189-1C213494D556}.Release|Any CPU.Build.0 = Release|Any CPU
		{F40396A1-E04A-47DE-9A55-28ACF9D496A1}.Debug|Any CPU.ActiveCfg = Debug|Any CPU
		{F40396A1-E04A-47DE-9A55-28ACF9D496A1}.Debug|Any CPU.Build.0 = Debug|Any CPU
		{F40396A1-E04A-47DE-9A55-28ACF9D496A1}.Release|Any CPU.ActiveCfg = Release|Any CPU
		{F40396A1-E04A-47DE-9A55-28ACF9D496A1}.Release|Any CPU.Build.0 = Release|Any CPU
	EndGlobalSection
	GlobalSection(SolutionProperties) = preSolution
		HideSolutionNode = FALSE
	EndGlobalSection
	GlobalSection(ExtensibilityGlobals) = postSolution
		SolutionGuid = {578ACA89-8289-4239-8F90-EC495E60FE91}
	EndGlobalSection
EndGlobal
